// !$*UTF8*$!
{
	archiveVersion = 1;
	classes = {
	};
	objectVersion = 50;
	objects = {

/* Begin PBXBuildFile section */
		39E693F3207F5EFE00BDFB71 /* AppDelegate.m in Sources */ = {isa = PBXBuildFile; fileRef = 39E693F2207F5EFE00BDFB71 /* AppDelegate.m */; };
		39E693F6207F5EFE00BDFB71 /* ViewController.m in Sources */ = {isa = PBXBuildFile; fileRef = 39E693F5207F5EFE00BDFB71 /* ViewController.m */; };
		39E693F9207F5EFE00BDFB71 /* Main.storyboard in Resources */ = {isa = PBXBuildFile; fileRef = 39E693F7207F5EFE00BDFB71 /* Main.storyboard */; };
		39E693FB207F5EFF00BDFB71 /* Assets.xcassets in Resources */ = {isa = PBXBuildFile; fileRef = 39E693FA207F5EFF00BDFB71 /* Assets.xcassets */; };
		39E693FE207F5EFF00BDFB71 /* LaunchScreen.storyboard in Resources */ = {isa = PBXBuildFile; fileRef = 39E693FC207F5EFF00BDFB71 /* LaunchScreen.storyboard */; };
		39E69401207F5EFF00BDFB71 /* main.m in Sources */ = {isa = PBXBuildFile; fileRef = 39E69400207F5EFF00BDFB71 /* main.m */; };
		BE69B1A997CC3C37CC62FC1A /* libPods-NANSandboxManagerDemo.a in Frameworks */ = {isa = PBXBuildFile; fileRef = 9460B99A32D21CEC2AE3FB0D /* libPods-NANSandboxManagerDemo.a */; };
/* End PBXBuildFile section */

/* Begin PBXFileReference section */
		2112E2E27D6EA00FFC55EEB3 /* Pods-NANSandboxManagerDemo.release.xcconfig */ = {isa = PBXFileReference; includeInIndex = 1; lastKnownFileType = text.xcconfig; name = "Pods-NANSandboxManagerDemo.release.xcconfig"; path = "Pods/Target Support Files/Pods-NANSandboxManagerDemo/Pods-NANSandboxManagerDemo.release.xcconfig"; sourceTree = "<group>"; };
		34BF44613AB27A0F3A3AF565 /* Pods-NANSandboxManagerDemo.debug.xcconfig */ = {isa = PBXFileReference; includeInIndex = 1; lastKnownFileType = text.xcconfig; name = "Pods-NANSandboxManagerDemo.debug.xcconfig"; path = "Pods/Target Support Files/Pods-NANSandboxManagerDemo/Pods-NANSandboxManagerDemo.debug.xcconfig"; sourceTree = "<group>"; };
		39E693EE207F5EFE00BDFB71 /* NANSandboxManagerDemo.app */ = {isa = PBXFileReference; explicitFileType = wrapper.application; includeInIndex = 0; path = NANSandboxManagerDemo.app; sourceTree = BUILT_PRODUCTS_DIR; };
		39E693F1207F5EFE00BDFB71 /* AppDelegate.h */ = {isa = PBXFileReference; lastKnownFileType = sourcecode.c.h; path = AppDelegate.h; sourceTree = "<group>"; };
		39E693F2207F5EFE00BDFB71 /* AppDelegate.m */ = {isa = PBXFileReference; lastKnownFileType = sourcecode.c.objc; path = AppDelegate.m; sourceTree = "<group>"; };
		39E693F4207F5EFE00BDFB71 /* ViewController.h */ = {isa = PBXFileReference; lastKnownFileType = sourcecode.c.h; path = ViewController.h; sourceTree = "<group>"; };
		39E693F5207F5EFE00BDFB71 /* ViewController.m */ = {isa = PBXFileReference; lastKnownFileType = sourcecode.c.objc; path = ViewController.m; sourceTree = "<group>"; };
		39E693F8207F5EFE00BDFB71 /* Base */ = {isa = PBXFileReference; lastKnownFileType = file.storyboard; name = Base; path = Base.lproj/Main.storyboard; sourceTree = "<group>"; };
		39E693FA207F5EFF00BDFB71 /* Assets.xcassets */ = {isa = PBXFileReference; lastKnownFileType = folder.assetcatalog; path = Assets.xcassets; sourceTree = "<group>"; };
		39E693FD207F5EFF00BDFB71 /* Base */ = {isa = PBXFileReference; lastKnownFileType = file.storyboard; name = Base; path = Base.lproj/LaunchScreen.storyboard; sourceTree = "<group>"; };
		39E693FF207F5EFF00BDFB71 /* Info.plist */ = {isa = PBXFileReference; lastKnownFileType = text.plist.xml; path = Info.plist; sourceTree = "<group>"; };
		39E69400207F5EFF00BDFB71 /* main.m */ = {isa = PBXFileReference; lastKnownFileType = sourcecode.c.objc; path = main.m; sourceTree = "<group>"; };
		9460B99A32D21CEC2AE3FB0D /* libPods-NANSandboxManagerDemo.a */ = {isa = PBXFileReference; explicitFileType = archive.ar; includeInIndex = 0; path = "libPods-NANSandboxManagerDemo.a"; sourceTree = BUILT_PRODUCTS_DIR; };
/* End PBXFileReference section */

/* Begin PBXFrameworksBuildPhase section */
		39E693EB207F5EFE00BDFB71 /* Frameworks */ = {
			isa = PBXFrameworksBuildPhase;
			buildActionMask = 2147483647;
			files = (
				BE69B1A997CC3C37CC62FC1A /* libPods-NANSandboxManagerDemo.a in Frameworks */,
			);
			runOnlyForDeploymentPostprocessing = 0;
		};
/* End PBXFrameworksBuildPhase section */

/* Begin PBXGroup section */
		20DE8CCD31457BB1ABE8A7E8 /* Frameworks */ = {
			isa = PBXGroup;
			children = (
				9460B99A32D21CEC2AE3FB0D /* libPods-NANSandboxManagerDemo.a */,
			);
			name = Frameworks;
			sourceTree = "<group>";
		};
		39E693E5207F5EFE00BDFB71 = {
			isa = PBXGroup;
			children = (
				39E693F0207F5EFE00BDFB71 /* NANSandboxManagerDemo */,
				39E693EF207F5EFE00BDFB71 /* Products */,
				AD1ABB55FA43DFC70DA068F6 /* Pods */,
				20DE8CCD31457BB1ABE8A7E8 /* Frameworks */,
			);
			sourceTree = "<group>";
		};
		39E693EF207F5EFE00BDFB71 /* Products */ = {
			isa = PBXGroup;
			children = (
				39E693EE207F5EFE00BDFB71 /* NANSandboxManagerDemo.app */,
			);
			name = Products;
			sourceTree = "<group>";
		};
		39E693F0207F5EFE00BDFB71 /* NANSandboxManagerDemo */ = {
			isa = PBXGroup;
			children = (
				39E693F1207F5EFE00BDFB71 /* AppDelegate.h */,
				39E693F2207F5EFE00BDFB71 /* AppDelegate.m */,
				39E693F4207F5EFE00BDFB71 /* ViewController.h */,
				39E693F5207F5EFE00BDFB71 /* ViewController.m */,
				39E693F7207F5EFE00BDFB71 /* Main.storyboard */,
				39E693FA207F5EFF00BDFB71 /* Assets.xcassets */,
				39E693FC207F5EFF00BDFB71 /* LaunchScreen.storyboard */,
				39E693FF207F5EFF00BDFB71 /* Info.plist */,
				39E69400207F5EFF00BDFB71 /* main.m */,
			);
			path = NANSandboxManagerDemo;
			sourceTree = "<group>";
		};
		AD1ABB55FA43DFC70DA068F6 /* Pods */ = {
			isa = PBXGroup;
			children = (
				34BF44613AB27A0F3A3AF565 /* Pods-NANSandboxManagerDemo.debug.xcconfig */,
				2112E2E27D6EA00FFC55EEB3 /* Pods-NANSandboxManagerDemo.release.xcconfig */,
			);
			name = Pods;
			sourceTree = "<group>";
		};
/* End PBXGroup section */

/* Begin PBXNativeTarget section */
		39E693ED207F5EFE00BDFB71 /* NANSandboxManagerDemo */ = {
			isa = PBXNativeTarget;
			buildConfigurationList = 39E69404207F5EFF00BDFB71 /* Build configuration list for PBXNativeTarget "NANSandboxManagerDemo" */;
			buildPhases = (
				A55F46BD4E69291F13FB60CC /* [CP] Check Pods Manifest.lock */,
				39E693EA207F5EFE00BDFB71 /* Sources */,
				39E693EB207F5EFE00BDFB71 /* Frameworks */,
				39E693EC207F5EFE00BDFB71 /* Resources */,
				3C3F8F30B1E1DF4FC9FFD30D /* [CP] Embed Pods Frameworks */,
				6FEB166163D5FAE01B3ADAF2 /* [CP] Copy Pods Resources */,
			);
			buildRules = (
			);
			dependencies = (
			);
			name = NANSandboxManagerDemo;
			productName = NANSandboxManagerDemo;
			productReference = 39E693EE207F5EFE00BDFB71 /* NANSandboxManagerDemo.app */;
			productType = "com.apple.product-type.application";
		};
/* End PBXNativeTarget section */

/* Begin PBXProject section */
		39E693E6207F5EFE00BDFB71 /* Project object */ = {
			isa = PBXProject;
			attributes = {
				LastUpgradeCheck = 0930;
				ORGANIZATIONNAME = NAN;
				TargetAttributes = {
					39E693ED207F5EFE00BDFB71 = {
						CreatedOnToolsVersion = 9.3;
					};
				};
			};
			buildConfigurationList = 39E693E9207F5EFE00BDFB71 /* Build configuration list for PBXProject "NANSandboxManagerDemo" */;
			compatibilityVersion = "Xcode 9.3";
			developmentRegion = en;
			hasScannedForEncodings = 0;
			knownRegions = (
				en,
				Base,
			);
			mainGroup = 39E693E5207F5EFE00BDFB71;
			productRefGroup = 39E693EF207F5EFE00BDFB71 /* Products */;
			projectDirPath = "";
			projectRoot = "";
			targets = (
				39E693ED207F5EFE00BDFB71 /* NANSandboxManagerDemo */,
			);
		};
/* End PBXProject section */

/* Begin PBXResourcesBuildPhase section */
		39E693EC207F5EFE00BDFB71 /* Resources */ = {
			isa = PBXResourcesBuildPhase;
			buildActionMask = 2147483647;
			files = (
				39E693FE207F5EFF00BDFB71 /* LaunchScreen.storyboard in Resources */,
				39E693FB207F5EFF00BDFB71 /* Assets.xcassets in Resources */,
				39E693F9207F5EFE00BDFB71 /* Main.storyboard in Resources */,
			);
			runOnlyForDeploymentPostprocessing = 0;
		};
/* End PBXResourcesBuildPhase section */

/* Begin PBXShellScriptBuildPhase section */
		3C3F8F30B1E1DF4FC9FFD30D /* [CP] Embed Pods Frameworks */ = {
			isa = PBXShellScriptBuildPhase;
			buildActionMask = 2147483647;
			files = (
			);
			inputPaths = (
			);
			name = "[CP] Embed Pods Frameworks";
			outputPaths = (
			);
			runOnlyForDeploymentPostprocessing = 0;
			shellPath = /bin/sh;
			shellScript = "\"${SRCROOT}/Pods/Target Support Files/Pods-NANSandboxManagerDemo/Pods-NANSandboxManagerDemo-frameworks.sh\"\n";
			showEnvVarsInLog = 0;
		};
		6FEB166163D5FAE01B3ADAF2 /* [CP] Copy Pods Resources */ = {
			isa = PBXShellScriptBuildPhase;
			buildActionMask = 2147483647;
			files = (
			);
			inputPaths = (
			);
			name = "[CP] Copy Pods Resources";
			outputPaths = (
			);
			runOnlyForDeploymentPostprocessing = 0;
			shellPath = /bin/sh;
			shellScript = "\"${SRCROOT}/Pods/Target Support Files/Pods-NANSandboxManagerDemo/Pods-NANSandboxManagerDemo-resources.sh\"\n";
			showEnvVarsInLog = 0;
		};
		A55F46BD4E69291F13FB60CC /* [CP] Check Pods Manifest.lock */ = {
			isa = PBXShellScriptBuildPhase;
			buildActionMask = 2147483647;
			files = (
			);
			inputPaths = (
			);
			name = "[CP] Check Pods Manifest.lock";
			outputPaths = (
			);
			runOnlyForDeploymentPostprocessing = 0;
			shellPath = /bin/sh;
			shellScript = "diff \"${PODS_ROOT}/../Podfile.lock\" \"${PODS_ROOT}/Manifest.lock\" > /dev/null\nif [ $? != 0 ] ; then\n    # print error to STDERR\n    echo \"error: The sandbox is not in sync with the Podfile.lock. Run 'pod install' or update your CocoaPods installation.\" >&2\n    exit 1\nfi\n";
			showEnvVarsInLog = 0;
		};
/* End PBXShellScriptBuildPhase section */

/* Begin PBXSourcesBuildPhase section */
		39E693EA207F5EFE00BDFB71 /* Sources */ = {
			isa = PBXSourcesBuildPhase;
			buildActionMask = 2147483647;
			files = (
				39E693F6207F5EFE00BDFB71 /* ViewController.m in Sources */,
				39E69401207F5EFF00BDFB71 /* main.m in Sources */,
				39E693F3207F5EFE00BDFB71 /* AppDelegate.m in Sources */,
			);
			runOnlyForDeploymentPostprocessing = 0;
		};
/* End PBXSourcesBuildPhase section */

/* Begin PBXVariantGroup section */
		39E693F7207F5EFE00BDFB71 /* Main.storyboard */ = {
			isa = PBXVariantGroup;
			children = (
				39E693F8207F5EFE00BDFB71 /* Base */,
			);
			name = Main.storyboard;
			sourceTree = "<group>";
		};
		39E693FC207F5EFF00BDFB71 /* LaunchScreen.storyboard */ = {
			isa = PBXVariantGroup;
			children = (
				39E693FD207F5EFF00BDFB71 /* Base */,
			);
			name = LaunchScreen.storyboard;
			sourceTree = "<group>";
		};
/* End PBXVariantGroup section */

/* Begin XCBuildConfiguration section */
		39E69402207F5EFF00BDFB71 /* Debug */ = {
			isa = XCBuildConfiguration;
			buildSettings = {
				ALWAYS_SEARCH_USER_PATHS = NO;
				CLANG_ANALYZER_NONNULL = YES;
				CLANG_ANALYZER_NUMBER_OBJECT_CONVERSION = YES_AGGRESSIVE;
				CLANG_CXX_LANGUAGE_STANDARD = "gnu++14";
				CLANG_CXX_LIBRARY = "libc++";
				CLANG_ENABLE_MODULES = YES;
				CLANG_ENABLE_OBJC_ARC = YES;
				CLANG_ENABLE_OBJC_WEAK = YES;
				CLANG_WARN_BLOCK_CAPTURE_AUTORELEASING = YES;
				CLANG_WARN_BOOL_CONVERSION = YES;
				CLANG_WARN_COMMA = YES;
				CLANG_WARN_CONSTANT_CONVERSION = YES;
				CLANG_WARN_DEPRECATED_OBJC_IMPLEMENTATIONS = YES;
				CLANG_WARN_DIRECT_OBJC_ISA_USAGE = YES_ERROR;
				CLANG_WARN_DOCUMENTATION_COMMENTS = YES;
				CLANG_WARN_EMPTY_BODY = YES;
				CLANG_WARN_ENUM_CONVERSION = YES;
				CLANG_WARN_INFINITE_RECURSION = YES;
				CLANG_WARN_INT_CONVERSION = YES;
				CLANG_WARN_NON_LITERAL_NULL_CONVERSION = YES;
				CLANG_WARN_OBJC_IMPLICIT_RETAIN_SELF = YES;
				CLANG_WARN_OBJC_LITERAL_CONVERSION = YES;
				CLANG_WARN_OBJC_ROOT_CLASS = YES_ERROR;
				CLANG_WARN_RANGE_LOOP_ANALYSIS = YES;
				CLANG_WARN_STRICT_PROTOTYPES = YES;
				CLANG_WARN_SUSPICIOUS_MOVE = YES;
				CLANG_WARN_UNGUARDED_AVAILABILITY = YES_AGGRESSIVE;
				CLANG_WARN_UNREACHABLE_CODE = YES;
				CLANG_WARN__DUPLICATE_METHOD_MATCH = YES;
				CODE_SIGN_IDENTITY = "iPhone Developer";
				COPY_PHASE_STRIP = NO;
				DEBUG_INFORMATION_FORMAT = dwarf;
				ENABLE_STRICT_OBJC_MSGSEND = YES;
				ENABLE_TESTABILITY = YES;
				GCC_C_LANGUAGE_STANDARD = gnu11;
				GCC_DYNAMIC_NO_PIC = NO;
				GCC_NO_COMMON_BLOCKS = YES;
				GCC_OPTIMIZATION_LEVEL = 0;
				GCC_PREPROCESSOR_DEFINITIONS = (
					"DEBUG=1",
					"$(inherited)",
				);
				GCC_WARN_64_TO_32_BIT_CONVERSION = YES;
				GCC_WARN_ABOUT_RETURN_TYPE = YES_ERROR;
				GCC_WARN_UNDECLARED_SELECTOR = YES;
				GCC_WARN_UNINITIALIZED_AUTOS = YES_AGGRESSIVE;
				GCC_WARN_UNUSED_FUNCTION = YES;
				GCC_WARN_UNUSED_VARIABLE = YES;
				IPHONEOS_DEPLOYMENT_TARGET = 11.3;
				MTL_ENABLE_DEBUG_INFO = YES;
				ONLY_ACTIVE_ARCH = YES;
				SDKROOT = iphoneos;
			};
			name = Debug;
		};
		39E69403207F5EFF00BDFB71 /* Release */ = {
			isa = XCBuildConfiguration;
			buildSettings = {
				ALWAYS_SEARCH_USER_PATHS = NO;
				CLANG_ANALYZER_NONNULL = YES;
				CLANG_ANALYZER_NUMBER_OBJECT_CONVERSION = YES_AGGRESSIVE;
				CLANG_CXX_LANGUAGE_STANDARD = "gnu++14";
				CLANG_CXX_LIBRARY = "libc++";
				CLANG_ENABLE_MODULES = YES;
				CLANG_ENABLE_OBJC_ARC = YES;
				CLANG_ENABLE_OBJC_WEAK = YES;
				CLANG_WARN_BLOCK_CAPTURE_AUTORELEASING = YES;
				CLANG_WARN_BOOL_CONVERSION = YES;
				CLANG_WARN_COMMA = YES;
				CLANG_WARN_CONSTANT_CONVERSION = YES;
				CLANG_WARN_DEPRECATED_OBJC_IMPLEMENTATIONS = YES;
				CLANG_WARN_DIRECT_OBJC_ISA_USAGE = YES_ERROR;
				CLANG_WARN_DOCUMENTATION_COMMENTS = YES;
				CLANG_WARN_EMPTY_BODY = YES;
				CLANG_WARN_ENUM_CONVERSION = YES;
				CLANG_WARN_INFINITE_RECURSION = YES;
				CLANG_WARN_INT_CONVERSION = YES;
				CLANG_WARN_NON_LITERAL_NULL_CONVERSION = YES;
				CLANG_WARN_OBJC_IMPLICIT_RETAIN_SELF = YES;
				CLANG_WARN_OBJC_LITERAL_CONVERSION = YES;
				CLANG_WARN_OBJC_ROOT_CLASS = YES_ERROR;
				CLANG_WARN_RANGE_LOOP_ANALYSIS = YES;
				CLANG_WARN_STRICT_PROTOTYPES = YES;
				CLANG_WARN_SUSPICIOUS_MOVE = YES;
				CLANG_WARN_UNGUARDED_AVAILABILITY = YES_AGGRESSIVE;
				CLANG_WARN_UNREACHABLE_CODE = YES;
				CLANG_WARN__DUPLICATE_METHOD_MATCH = YES;
				CODE_SIGN_IDENTITY = "iPhone Developer";
				COPY_PHASE_STRIP = NO;
				DEBUG_INFORMATION_FORMAT = "dwarf-with-dsym";
				ENABLE_NS_ASSERTIONS = NO;
				ENABLE_STRICT_OBJC_MSGSEND = YES;
				GCC_C_LANGUAGE_STANDARD = gnu11;
				GCC_NO_COMMON_BLOCKS = YES;
				GCC_WARN_64_TO_32_BIT_CONVERSION = YES;
				GCC_WARN_ABOUT_RETURN_TYPE = YES_ERROR;
				GCC_WARN_UNDECLARED_SELECTOR = YES;
				GCC_WARN_UNINITIALIZED_AUTOS = YES_AGGRESSIVE;
				GCC_WARN_UNUSED_FUNCTION = YES;
				GCC_WARN_UNUSED_VARIABLE = YES;
				IPHONEOS_DEPLOYMENT_TARGET = 11.3;
				MTL_ENABLE_DEBUG_INFO = NO;
				SDKROOT = iphoneos;
				VALIDATE_PRODUCT = YES;
			};
			name = Release;
		};
		39E69405207F5EFF00BDFB71 /* Debug */ = {
			isa = XCBuildConfiguration;
			baseConfigurationReference = 34BF44613AB27A0F3A3AF565 /* Pods-NANSandboxManagerDemo.debug.xcconfig */;
			buildSettings = {
				ASSETCATALOG_COMPILER_APPICON_NAME = AppIcon;
				CODE_SIGN_STYLE = Automatic;
				DEVELOPMENT_TEAM = 9U5YWWYMWR;
				INFOPLIST_FILE = NANSandboxManagerDemo/Info.plist;
				LD_RUNPATH_SEARCH_PATHS = "$(inherited) @executable_path/Frameworks";
				PRODUCT_BUNDLE_IDENTIFIER = com.nan.NANSandboxManagerDemo;
				PRODUCT_NAME = "$(TARGET_NAME)";
				TARGETED_DEVICE_FAMILY = "1,2";
			};
			name = Debug;
		};
		39E69406207F5EFF00BDFB71 /* Release */ = {
			isa = XCBuildConfiguration;
			baseConfigurationReference = 2112E2E27D6EA00FFC55EEB3 /* Pods-NANSandboxManagerDemo.release.xcconfig */;
			buildSettings = {
				ASSETCATALOG_COMPILER_APPICON_NAME = AppIcon;
				CODE_SIGN_STYLE = Automatic;
				DEVELOPMENT_TEAM = 9U5YWWYMWR;
				INFOPLIST_FILE = NANSandboxManagerDemo/Info.plist;
				LD_RUNPATH_SEARCH_PATHS = "$(inherited) @executable_path/Frameworks";
				PRODUCT_BUNDLE_IDENTIFIER = com.nan.NANSandboxManagerDemo;
				PRODUCT_NAME = "$(TARGET_NAME)";
				TARGETED_DEVICE_FAMILY = "1,2";
			};
			name = Release;
		};
/* End XCBuildConfiguration section */

/* Begin XCConfigurationList section */
		39E693E9207F5EFE00BDFB71 /* Build configuration list for PBXProject "NANSandboxManagerDemo" */ = {
			isa = XCConfigurationList;
			buildConfigurations = (
				39E69402207F5EFF00BDFB71 /* Debug */,
				39E69403207F5EFF00BDFB71 /* Release */,
			);
			defaultConfigurationIsVisible = 0;
			defaultConfigurationName = Release;
		};
		39E69404207F5EFF00BDFB71 /* Build configuration list for PBXNativeTarget "NANSandboxManagerDemo" */ = {
			isa = XCConfigurationList;
			buildConfigurations = (
				39E69405207F5EFF00BDFB71 /* Debug */,
				39E69406207F5EFF00BDFB71 /* Release */,
			);
			defaultConfigurationIsVisible = 0;
			defaultConfigurationName = Release;
		};
/* End XCConfigurationList section */
	};
	rootObject = 39E693E6207F5EFE00BDFB71 /* Project object */;
}
